// !$*UTF8*$!
{
	archiveVersion = 1;
	classes = {
	};
	objectVersion = 50;
	objects = {

/* Begin PBXBuildFile section */
		783F69C42084CB7C0009912C /* AppDelegate.swift in Sources */ = {isa = PBXBuildFile; fileRef = 783F69C32084CB7C0009912C /* AppDelegate.swift */; };
		783F69C62084CB7C0009912C /* ViewController.swift in Sources */ = {isa = PBXBuildFile; fileRef = 783F69C52084CB7C0009912C /* ViewController.swift */; };
		783F69C92084CB7C0009912C /* Main.storyboard in Resources */ = {isa = PBXBuildFile; fileRef = 783F69C72084CB7C0009912C /* Main.storyboard */; };
		783F69CB2084CB810009912C /* Assets.xcassets in Resources */ = {isa = PBXBuildFile; fileRef = 783F69CA2084CB810009912C /* Assets.xcassets */; };
		783F69CE2084CB810009912C /* LaunchScreen.storyboard in Resources */ = {isa = PBXBuildFile; fileRef = 783F69CC2084CB810009912C /* LaunchScreen.storyboard */; };
/* End PBXBuildFile section */

/* Begin PBXFileReference section */
		783F69C02084CB7C0009912C /* Prototipo Fuziona Pufavo.app */ = {isa = PBXFileReference; explicitFileType = wrapper.application; includeInIndex = 0; path = "Prototipo Fuziona Pufavo.app"; sourceTree = BUILT_PRODUCTS_DIR; };
		783F69C32084CB7C0009912C /* AppDelegate.swift */ = {isa = PBXFileReference; lastKnownFileType = sourcecode.swift; path = AppDelegate.swift; sourceTree = "<group>"; };
		783F69C52084CB7C0009912C /* ViewController.swift */ = {isa = PBXFileReference; lastKnownFileType = sourcecode.swift; path = ViewController.swift; sourceTree = "<group>"; };
		783F69C82084CB7C0009912C /* Base */ = {isa = PBXFileReference; lastKnownFileType = file.storyboard; name = Base; path = Base.lproj/Main.storyboard; sourceTree = "<group>"; };
		783F69CA2084CB810009912C /* Assets.xcassets */ = {isa = PBXFileReference; lastKnownFileType = folder.assetcatalog; path = Assets.xcassets; sourceTree = "<group>"; };
		783F69CD2084CB810009912C /* Base */ = {isa = PBXFileReference; lastKnownFileType = file.storyboard; name = Base; path = Base.lproj/LaunchScreen.storyboard; sourceTree = "<group>"; };
		783F69CF2084CB810009912C /* Info.plist */ = {isa = PBXFileReference; lastKnownFileType = text.plist.xml; path = Info.plist; sourceTree = "<group>"; };
/* End PBXFileReference section */

/* Begin PBXFrameworksBuildPhase section */
		783F69BD2084CB7C0009912C /* Frameworks */ = {
			isa = PBXFrameworksBuildPhase;
			buildActionMask = 2147483647;
			files = (
			);
			runOnlyForDeploymentPostprocessing = 0;
		};
/* End PBXFrameworksBuildPhase section */

/* Begin PBXGroup section */
		783F69B72084CB7C0009912C = {
			isa = PBXGroup;
			children = (
				783F69C22084CB7C0009912C /* Prototipo Fuziona Pufavo */,
				783F69C12084CB7C0009912C /* Products */,
			);
			sourceTree = "<group>";
		};
		783F69C12084CB7C0009912C /* Products */ = {
			isa = PBXGroup;
			children = (
				783F69C02084CB7C0009912C /* Prototipo Fuziona Pufavo.app */,
			);
			name = Products;
			sourceTree = "<group>";
		};
		783F69C22084CB7C0009912C /* Prototipo Fuziona Pufavo */ = {
			isa = PBXGroup;
			children = (
				783F69C32084CB7C0009912C /* AppDelegate.swift */,
				783F69C52084CB7C0009912C /* ViewController.swift */,
				783F69C72084CB7C0009912C /* Main.storyboard */,
				783F69CA2084CB810009912C /* Assets.xcassets */,
				783F69CC2084CB810009912C /* LaunchScreen.storyboard */,
				783F69CF2084CB810009912C /* Info.plist */,
			);
			path = "Prototipo Fuziona Pufavo";
			sourceTree = "<group>";
		};
/* End PBXGroup section */

/* Begin PBXNativeTarget section */
		783F69BF2084CB7C0009912C /* Prototipo Fuziona Pufavo */ = {
			isa = PBXNativeTarget;
			buildConfigurationList = 783F69D22084CB810009912C /* Build configuration list for PBXNativeTarget "Prototipo Fuziona Pufavo" */;
			buildPhases = (
				783F69BC2084CB7C0009912C /* Sources */,
				783F69BD2084CB7C0009912C /* Frameworks */,
				783F69BE2084CB7C0009912C /* Resources */,
			);
			buildRules = (
			);
			dependencies = (
			);
			name = "Prototipo Fuziona Pufavo";
			productName = "Prototipo Fuziona Pufavo";
			productReference = 783F69C02084CB7C0009912C /* Prototipo Fuziona Pufavo.app */;
			productType = "com.apple.product-type.application";
		};
/* End PBXNativeTarget section */

/* Begin PBXProject section */
		783F69B82084CB7C0009912C /* Project object */ = {
			isa = PBXProject;
			attributes = {
				LastSwiftUpdateCheck = 0930;
				LastUpgradeCheck = 0930;
				ORGANIZATIONNAME = "Renan Freitas";
				TargetAttributes = {
					783F69BF2084CB7C0009912C = {
						CreatedOnToolsVersion = 9.3;
					};
				};
			};
			buildConfigurationList = 783F69BB2084CB7C0009912C /* Build configuration list for PBXProject "Prototipo Fuziona Pufavo" */;
			compatibilityVersion = "Xcode 9.3";
			developmentRegion = en;
			hasScannedForEncodings = 0;
			knownRegions = (
				en,
				Base,
			);
			mainGroup = 783F69B72084CB7C0009912C;
			productRefGroup = 783F69C12084CB7C0009912C /* Products */;
			projectDirPath = "";
			projectRoot = "";
			targets = (
				783F69BF2084CB7C0009912C /* Prototipo Fuziona Pufavo */,
			);
		};
/* End PBXProject section */

/* Begin PBXResourcesBuildPhase section */
		783F69BE2084CB7C0009912C /* Resources */ = {
			isa = PBXResourcesBuildPhase;
			buildActionMask = 2147483647;
			files = (
				783F69CE2084CB810009912C /* LaunchScreen.storyboard in Resources */,
				783F69CB2084CB810009912C /* Assets.xcassets in Resources */,
				783F69C92084CB7C0009912C /* Main.storyboard in Resources */,
			);
			runOnlyForDeploymentPostprocessing = 0;
		};
/* End PBXResourcesBuildPhase section */

/* Begin PBXSourcesBuildPhase section */
		783F69BC2084CB7C0009912C /* Sources */ = {
			isa = PBXSourcesBuildPhase;
			buildActionMask = 2147483647;
			files = (
				783F69C62084CB7C0009912C /* ViewController.swift in Sources */,
				783F69C42084CB7C0009912C /* AppDelegate.swift in Sources */,
			);
			runOnlyForDeploymentPostprocessing = 0;
		};
/* End PBXSourcesBuildPhase section */

/* Begin PBXVariantGroup section */
		783F69C72084CB7C0009912C /* Main.storyboard */ = {
			isa = PBXVariantGroup;
			children = (
				783F69C82084CB7C0009912C /* Base */,
			);
			name = Main.storyboard;
			sourceTree = "<group>";
		};
		783F69CC2084CB810009912C /* LaunchScreen.storyboard */ = {
			isa = PBXVariantGroup;
			children = (
				783F69CD2084CB810009912C /* Base */,
			);
			name = LaunchScreen.storyboard;
			sourceTree = "<group>";
		};
/* End PBXVariantGroup section */

/* Begin XCBuildConfiguration section */
		783F69D02084CB810009912C /* Debug */ = {
			isa = XCBuildConfiguration;
			buildSettings = {
				ALWAYS_SEARCH_USER_PATHS = NO;
				CLANG_ANALYZER_NONNULL = YES;
				CLANG_ANALYZER_NUMBER_OBJECT_CONVERSION = YES_AGGRESSIVE;
				CLANG_CXX_LANGUAGE_STANDARD = "gnu++14";
				CLANG_CXX_LIBRARY = "libc++";
				CLANG_ENABLE_MODULES = YES;
				CLANG_ENABLE_OBJC_ARC = YES;
				CLANG_ENABLE_OBJC_WEAK = YES;
				CLANG_WARN_BLOCK_CAPTURE_AUTORELEASING = YES;
				CLANG_WARN_BOOL_CONVERSION = YES;
				CLANG_WARN_COMMA = YES;
				CLANG_WARN_CONSTANT_CONVERSION = YES;
				CLANG_WARN_DEPRECATED_OBJC_IMPLEMENTATIONS = YES;
				CLANG_WARN_DIRECT_OBJC_ISA_USAGE = YES_ERROR;
				CLANG_WARN_DOCUMENTATION_COMMENTS = YES;
				CLANG_WARN_EMPTY_BODY = YES;
				CLANG_WARN_ENUM_CONVERSION = YES;
				CLANG_WARN_INFINITE_RECURSION = YES;
				CLANG_WARN_INT_CONVERSION = YES;
				CLANG_WARN_NON_LITERAL_NULL_CONVERSION = YES;
				CLANG_WARN_OBJC_IMPLICIT_RETAIN_SELF = YES;
				CLANG_WARN_OBJC_LITERAL_CONVERSION = YES;
				CLANG_WARN_OBJC_ROOT_CLASS = YES_ERROR;
				CLANG_WARN_RANGE_LOOP_ANALYSIS = YES;
				CLANG_WARN_STRICT_PROTOTYPES = YES;
				CLANG_WARN_SUSPICIOUS_MOVE = YES;
				CLANG_WARN_UNGUARDED_AVAILABILITY = YES_AGGRESSIVE;
				CLANG_WARN_UNREACHABLE_CODE = YES;
				CLANG_WARN__DUPLICATE_METHOD_MATCH = YES;
				CODE_SIGN_IDENTITY = "iPhone Developer";
				COPY_PHASE_STRIP = NO;
				DEBUG_INFORMATION_FORMAT = dwarf;
				ENABLE_STRICT_OBJC_MSGSEND = YES;
				ENABLE_TESTABILITY = YES;
				GCC_C_LANGUAGE_STANDARD = gnu11;
				GCC_DYNAMIC_NO_PIC = NO;
				GCC_NO_COMMON_BLOCKS = YES;
				GCC_OPTIMIZATION_LEVEL = 0;
				GCC_PREPROCESSOR_DEFINITIONS = (
					"DEBUG=1",
					"$(inherited)",
				);
				GCC_WARN_64_TO_32_BIT_CONVERSION = YES;
				GCC_WARN_ABOUT_RETURN_TYPE = YES_ERROR;
				GCC_WARN_UNDECLARED_SELECTOR = YES;
				GCC_WARN_UNINITIALIZED_AUTOS = YES_AGGRESSIVE;
				GCC_WARN_UNUSED_FUNCTION = YES;
				GCC_WARN_UNUSED_VARIABLE = YES;
				IPHONEOS_DEPLOYMENT_TARGET = 11.3;
				MTL_ENABLE_DEBUG_INFO = YES;
				ONLY_ACTIVE_ARCH = YES;
				SDKROOT = iphoneos;
				SWIFT_ACTIVE_COMPILATION_CONDITIONS = DEBUG;
				SWIFT_OPTIMIZATION_LEVEL = "-Onone";
			};
			name = Debug;
		};
		783F69D12084CB810009912C /* Release */ = {
			isa = XCBuildConfiguration;
			buildSettings = {
				ALWAYS_SEARCH_USER_PATHS = NO;
				CLANG_ANALYZER_NONNULL = YES;
				CLANG_ANALYZER_NUMBER_OBJECT_CONVERSION = YES_AGGRESSIVE;
				CLANG_CXX_LANGUAGE_STANDARD = "gnu++14";
				CLANG_CXX_LIBRARY = "libc++";
				CLANG_ENABLE_MODULES = YES;
				CLANG_ENABLE_OBJC_ARC = YES;
				CLANG_ENABLE_OBJC_WEAK = YES;
				CLANG_WARN_BLOCK_CAPTURE_AUTORELEASING = YES;
				CLANG_WARN_BOOL_CONVERSION = YES;
				CLANG_WARN_COMMA = YES;
				CLANG_WARN_CONSTANT_CONVERSION = YES;
				CLANG_WARN_DEPRECATED_OBJC_IMPLEMENTATIONS = YES;
				CLANG_WARN_DIRECT_OBJC_ISA_USAGE = YES_ERROR;
				CLANG_WARN_DOCUMENTATION_COMMENTS = YES;
				CLANG_WARN_EMPTY_BODY = YES;
				CLANG_WARN_ENUM_CONVERSION = YES;
				CLANG_WARN_INFINITE_RECURSION = YES;
				CLANG_WARN_INT_CONVERSION = YES;
				CLANG_WARN_NON_LITERAL_NULL_CONVERSION = YES;
				CLANG_WARN_OBJC_IMPLICIT_RETAIN_SELF = YES;
				CLANG_WARN_OBJC_LITERAL_CONVERSION = YES;
				CLANG_WARN_OBJC_ROOT_CLASS = YES_ERROR;
				CLANG_WARN_RANGE_LOOP_ANALYSIS = YES;
				CLANG_WARN_STRICT_PROTOTYPES = YES;
				CLANG_WARN_SUSPICIOUS_MOVE = YES;
				CLANG_WARN_UNGUARDED_AVAILABILITY = YES_AGGRESSIVE;
				CLANG_WARN_UNREACHABLE_CODE = YES;
				CLANG_WARN__DUPLICATE_METHOD_MATCH = YES;
				CODE_SIGN_IDENTITY = "iPhone Developer";
				COPY_PHASE_STRIP = NO;
				DEBUG_INFORMATION_FORMAT = "dwarf-with-dsym";
				ENABLE_NS_ASSERTIONS = NO;
				ENABLE_STRICT_OBJC_MSGSEND = YES;
				GCC_C_LANGUAGE_STANDARD = gnu11;
				GCC_NO_COMMON_BLOCKS = YES;
				GCC_WARN_64_TO_32_BIT_CONVERSION = YES;
				GCC_WARN_ABOUT_RETURN_TYPE = YES_ERROR;
				GCC_WARN_UNDECLARED_SELECTOR = YES;
				GCC_WARN_UNINITIALIZED_AUTOS = YES_AGGRESSIVE;
				GCC_WARN_UNUSED_FUNCTION = YES;
				GCC_WARN_UNUSED_VARIABLE = YES;
				IPHONEOS_DEPLOYMENT_TARGET = 11.3;
				MTL_ENABLE_DEBUG_INFO = NO;
				SDKROOT = iphoneos;
				SWIFT_COMPILATION_MODE = wholemodule;
				SWIFT_OPTIMIZATION_LEVEL = "-O";
				VALIDATE_PRODUCT = YES;
			};
			name = Release;
		};
		783F69D32084CB810009912C /* Debug */ = {
			isa = XCBuildConfiguration;
			buildSettings = {
				ASSETCATALOG_COMPILER_APPICON_NAME = AppIcon;
				CODE_SIGN_STYLE = Automatic;
				DEVELOPMENT_TEAM = RK7D3V77UZ;
				INFOPLIST_FILE = "Prototipo Fuziona Pufavo/Info.plist";
				LD_RUNPATH_SEARCH_PATHS = (
					"$(inherited)",
					"@executable_path/Frameworks",
				);
				PRODUCT_BUNDLE_IDENTIFIER = br.ufpe.cin.renanfreitas;
				PRODUCT_NAME = "$(TARGET_NAME)";
				SWIFT_VERSION = 4.0;
				TARGETED_DEVICE_FAMILY = "1,2";
			};
			name = Debug;
		};
		783F69D42084CB810009912C /* Release */ = {
			isa = XCBuildConfiguration;
			buildSettings = {
				ASSETCATALOG_COMPILER_APPICON_NAME = AppIcon;
				CODE_SIGN_STYLE = Automatic;
				DEVELOPMENT_TEAM = RK7D3V77UZ;
				INFOPLIST_FILE = "Prototipo Fuziona Pufavo/Info.plist";
				LD_RUNPATH_SEARCH_PATHS = (
					"$(inherited)",
					"@executable_path/Frameworks",
				);
				PRODUCT_BUNDLE_IDENTIFIER = br.ufpe.cin.renanfreitas;
				PRODUCT_NAME = "$(TARGET_NAME)";
				SWIFT_VERSION = 4.0;
				TARGETED_DEVICE_FAMILY = "1,2";
			};
			name = Release;
		};
/* End XCBuildConfiguration section */

/* Begin XCConfigurationList section */
		783F69BB2084CB7C0009912C /* Build configuration list for PBXProject "Prototipo Fuziona Pufavo" */ = {
			isa = XCConfigurationList;
			buildConfigurations = (
				783F69D02084CB810009912C /* Debug */,
				783F69D12084CB810009912C /* Release */,
			);
			defaultConfigurationIsVisible = 0;
			defaultConfigurationName = Release;
		};
		783F69D22084CB810009912C /* Build configuration list for PBXNativeTarget "Prototipo Fuziona Pufavo" */ = {
			isa = XCConfigurationList;
			buildConfigurations = (
				783F69D32084CB810009912C /* Debug */,
				783F69D42084CB810009912C /* Release */,
			);
			defaultConfigurationIsVisible = 0;
			defaultConfigurationName = Release;
		};
/* End XCConfigurationList section */
	};
	rootObject = 783F69B82084CB7C0009912C /* Project object */;
}
